
Microsoft Visual Studio Solution File, Format Version 12.00
# Visual Studio Version 17
VisualStudioVersion = 17.4.33213.308
MinimumVisualStudioVersion = 10.0.40219.1
Project("{FAE04EC0-301F-11D3-BF4B-00C04F79EFBC}") = "Rectangle", "Rectangle.csproj", "{D3E1A0DF-E40F-42F4-B238-04240B39FDB7}"
EndProject
Global
	GlobalSection(SolutionConfigurationPlatforms) = preSolution
		Debug|Any CPU = Debug|Any CPU
		Release|Any CPU = Release|Any CPU
	EndGlobalSection
	GlobalSection(ProjectConfigurationPlatforms) = postSolution
		{D3E1A0DF-E40F-42F4-B238-04240B39FDB7}.Debug|Any CPU.ActiveCfg = Debug|Any CPU
		{D3E1A0DF-E40F-42F4-B238-04240B39FDB7}.Debug|Any CPU.Build.0 = Debug|Any CPU
		{D3E1A0DF-E40F-42F4-B238-04240B39FDB7}.Release|Any CPU.ActiveCfg = Release|Any CPU
		{D3E1A0DF-E40F-42F4-B238-04240B39FDB7}.Release|Any CPU.Build.0 = Release|Any CPU
	EndGlobalSection
	GlobalSection(SolutionProperties) = preSolution
		HideSolutionNode = FALSE
	EndGlobalSection
	GlobalSection(ExtensibilityGlobals) = postSolution
		SolutionGuid = {68294EC0-4FBC-42C3-9D96-A812FC1D4758}
	EndGlobalSection
EndGlobal
